
Microsoft Visual Studio Solution File, Format Version 12.00
# Visual Studio Version 16
VisualStudioVersion = 16.0.30717.126
MinimumVisualStudioVersion = 10.0.40219.1
Project("{FAE04EC0-301F-11D3-BF4B-00C04F79EFBC}") = "Advent of Code 2020 - Common", "Common\Advent of Code 2020 - Common.csproj", "{EB34C84A-A6A8-4FB0-AF8C-400F7BDA2BE6}"
EndProject
Project("{9A19103F-16F7-4668-BE54-9A1E7A4F7556}") = "Advent of Code 2020 - Day 01", "Day_01\Advent of Code 2020 - Day 01.csproj", "{6934E55C-FF9B-4FEA-B679-9CB7DFE89F43}"
EndProject
Project("{9A19103F-16F7-4668-BE54-9A1E7A4F7556}") = "Advent of Code 2020 - Day 02", "Day_02\Advent of Code 2020 - Day 02.csproj", "{6DA79B88-E17E-45CB-9578-F21D74D7F438}"
EndProject
Project("{9A19103F-16F7-4668-BE54-9A1E7A4F7556}") = "Advent of Code 2020 - Day 03", "Day_03\Advent of Code 2020 - Day 03.csproj", "{4FD8602E-C883-4734-BC08-B8FB5F55D5E9}"
EndProject
Project("{9A19103F-16F7-4668-BE54-9A1E7A4F7556}") = "Advent of Code 2020 - Day 04", "Day_04\Advent of Code 2020 - Day 04.csproj", "{8E37F9E9-230C-4EB5-B3A9-E71FDA8CDDF2}"
EndProject
Project("{9A19103F-16F7-4668-BE54-9A1E7A4F7556}") = "Advent of Code 2020 - Day 05", "Day_05\Advent of Code 2020 - Day 05.csproj", "{69F34BE7-304A-4608-9B82-1503548CD35A}"
EndProject
Project("{9A19103F-16F7-4668-BE54-9A1E7A4F7556}") = "Advent of Code 2020 - Day 06", "Day_06\Advent of Code 2020 - Day 06.csproj", "{8330E31D-CA8E-4DD2-98CB-CC1DB51FE4D2}"
EndProject
Project("{9A19103F-16F7-4668-BE54-9A1E7A4F7556}") = "Advent of Code 2020 - Day 07", "Day_07\Advent of Code 2020 - Day 07.csproj", "{6DB3F1B6-38EB-4448-BD77-1F72DCDEDC28}"
EndProject
Project("{9A19103F-16F7-4668-BE54-9A1E7A4F7556}") = "Advent of Code 2020 - Day 08", "Day_08\Advent of Code 2020 - Day 08.csproj", "{82E0A422-9892-46F5-BB87-A1F5D3BEB8C7}"
EndProject
Project("{2150E333-8FDC-42A3-9474-1A3956D46DE8}") = "Settings", "Settings", "{A1F28DBE-A722-4AC1-80FB-E37B7CFD53C6}"
	ProjectSection(SolutionItems) = preProject
		Settings\appsettings.json = Settings\appsettings.json
	EndProjectSection
EndProject
Global
	GlobalSection(SolutionConfigurationPlatforms) = preSolution
		Debug|Any CPU = Debug|Any CPU
		Release|Any CPU = Release|Any CPU
	EndGlobalSection
	GlobalSection(ProjectConfigurationPlatforms) = postSolution
		{EB34C84A-A6A8-4FB0-AF8C-400F7BDA2BE6}.Debug|Any CPU.ActiveCfg = Debug|Any CPU
		{EB34C84A-A6A8-4FB0-AF8C-400F7BDA2BE6}.Debug|Any CPU.Build.0 = Debug|Any CPU
		{EB34C84A-A6A8-4FB0-AF8C-400F7BDA2BE6}.Release|Any CPU.ActiveCfg = Release|Any CPU
		{EB34C84A-A6A8-4FB0-AF8C-400F7BDA2BE6}.Release|Any CPU.Build.0 = Release|Any CPU
		{6934E55C-FF9B-4FEA-B679-9CB7DFE89F43}.Debug|Any CPU.ActiveCfg = Debug|Any CPU
		{6934E55C-FF9B-4FEA-B679-9CB7DFE89F43}.Debug|Any CPU.Build.0 = Debug|Any CPU
		{6934E55C-FF9B-4FEA-B679-9CB7DFE89F43}.Release|Any CPU.ActiveCfg = Release|Any CPU
		{6934E55C-FF9B-4FEA-B679-9CB7DFE89F43}.Release|Any CPU.Build.0 = Release|Any CPU
		{6DA79B88-E17E-45CB-9578-F21D74D7F438}.Debug|Any CPU.ActiveCfg = Debug|Any CPU
		{6DA79B88-E17E-45CB-9578-F21D74D7F438}.Debug|Any CPU.Build.0 = Debug|Any CPU
		{6DA79B88-E17E-45CB-9578-F21D74D7F438}.Release|Any CPU.ActiveCfg = Release|Any CPU
		{6DA79B88-E17E-45CB-9578-F21D74D7F438}.Release|Any CPU.Build.0 = Release|Any CPU
		{4FD8602E-C883-4734-BC08-B8FB5F55D5E9}.Debug|Any CPU.ActiveCfg = Debug|Any CPU
		{4FD8602E-C883-4734-BC08-B8FB5F55D5E9}.Debug|Any CPU.Build.0 = Debug|Any CPU
		{4FD8602E-C883-4734-BC08-B8FB5F55D5E9}.Release|Any CPU.ActiveCfg = Release|Any CPU
		{4FD8602E-C883-4734-BC08-B8FB5F55D5E9}.Release|Any CPU.Build.0 = Release|Any CPU
		{8E37F9E9-230C-4EB5-B3A9-E71FDA8CDDF2}.Debug|Any CPU.ActiveCfg = Debug|Any CPU
		{8E37F9E9-230C-4EB5-B3A9-E71FDA8CDDF2}.Debug|Any CPU.Build.0 = Debug|Any CPU
		{8E37F9E9-230C-4EB5-B3A9-E71FDA8CDDF2}.Release|Any CPU.ActiveCfg = Release|Any CPU
		{8E37F9E9-230C-4EB5-B3A9-E71FDA8CDDF2}.Release|Any CPU.Build.0 = Release|Any CPU
		{69F34BE7-304A-4608-9B82-1503548CD35A}.Debug|Any CPU.ActiveCfg = Debug|Any CPU
		{69F34BE7-304A-4608-9B82-1503548CD35A}.Debug|Any CPU.Build.0 = Debug|Any CPU
		{69F34BE7-304A-4608-9B82-1503548CD35A}.Release|Any CPU.ActiveCfg = Release|Any CPU
		{69F34BE7-304A-4608-9B82-1503548CD35A}.Release|Any CPU.Build.0 = Release|Any CPU
		{8330E31D-CA8E-4DD2-98CB-CC1DB51FE4D2}.Debug|Any CPU.ActiveCfg = Debug|Any CPU
		{8330E31D-CA8E-4DD2-98CB-CC1DB51FE4D2}.Debug|Any CPU.Build.0 = Debug|Any CPU
		{8330E31D-CA8E-4DD2-98CB-CC1DB51FE4D2}.Release|Any CPU.ActiveCfg = Release|Any CPU
		{8330E31D-CA8E-4DD2-98CB-CC1DB51FE4D2}.Release|Any CPU.Build.0 = Release|Any CPU
		{6DB3F1B6-38EB-4448-BD77-1F72DCDEDC28}.Debug|Any CPU.ActiveCfg = Debug|Any CPU
		{6DB3F1B6-38EB-4448-BD77-1F72DCDEDC28}.Debug|Any CPU.Build.0 = Debug|Any CPU
		{6DB3F1B6-38EB-4448-BD77-1F72DCDEDC28}.Release|Any CPU.ActiveCfg = Release|Any CPU
		{6DB3F1B6-38EB-4448-BD77-1F72DCDEDC28}.Release|Any CPU.Build.0 = Release|Any CPU
		{82E0A422-9892-46F5-BB87-A1F5D3BEB8C7}.Debug|Any CPU.ActiveCfg = Debug|Any CPU
		{82E0A422-9892-46F5-BB87-A1F5D3BEB8C7}.Debug|Any CPU.Build.0 = Debug|Any CPU
		{82E0A422-9892-46F5-BB87-A1F5D3BEB8C7}.Release|Any CPU.ActiveCfg = Release|Any CPU
		{82E0A422-9892-46F5-BB87-A1F5D3BEB8C7}.Release|Any CPU.Build.0 = Release|Any CPU
	EndGlobalSection
	GlobalSection(SolutionProperties) = preSolution
		HideSolutionNode = FALSE
	EndGlobalSection
	GlobalSection(ExtensibilityGlobals) = postSolution
		SolutionGuid = {30284301-7354-4487-AFD4-DCB9D7E20F0E}
	EndGlobalSection
EndGlobal
