
Microsoft Visual Studio Solution File, Format Version 12.00
# Visual Studio Version 16
VisualStudioVersion = 16.0.30717.126
MinimumVisualStudioVersion = 10.0.40219.1
Project("{9A19103F-16F7-4668-BE54-9A1E7A4F7556}") = "Advent of Code 2020 - Common", "Common\Advent of Code 2020 - Common.csproj", "{FF5140B6-8EA2-4B51-9A82-4EBE62253D1C}"
EndProject
Project("{9A19103F-16F7-4668-BE54-9A1E7A4F7556}") = "Advent of Code 2020 - Day 01", "Day_01\Advent of Code 2020 - Day 01.csproj", "{6934E55C-FF9B-4FEA-B679-9CB7DFE89F43}"
EndProject
Project("{9A19103F-16F7-4668-BE54-9A1E7A4F7556}") = "Advent of Code 2020 - Day 02", "Day_02\Advent of Code 2020 - Day 02.csproj", "{6DA79B88-E17E-45CB-9578-F21D74D7F438}"
EndProject
Project("{9A19103F-16F7-4668-BE54-9A1E7A4F7556}") = "Advent of Code 2020 - Day 03", "Day_03\Advent of Code 2020 - Day 03.csproj", "{4FD8602E-C883-4734-BC08-B8FB5F55D5E9}"
EndProject
Project("{2150E333-8FDC-42A3-9474-1A3956D46DE8}") = "Settings", "Settings", "{A1F28DBE-A722-4AC1-80FB-E37B7CFD53C6}"
	ProjectSection(SolutionItems) = preProject
		Settings\appsettings.json = Settings\appsettings.json
	EndProjectSection
EndProject
Global
	GlobalSection(SolutionConfigurationPlatforms) = preSolution
		Debug|Any CPU = Debug|Any CPU
		Release|Any CPU = Release|Any CPU
	EndGlobalSection
	GlobalSection(ProjectConfigurationPlatforms) = postSolution
		{FF5140B6-8EA2-4B51-9A82-4EBE62253D1C}.Debug|Any CPU.ActiveCfg = Debug|Any CPU
		{FF5140B6-8EA2-4B51-9A82-4EBE62253D1C}.Debug|Any CPU.Build.0 = Debug|Any CPU
		{FF5140B6-8EA2-4B51-9A82-4EBE62253D1C}.Release|Any CPU.ActiveCfg = Release|Any CPU
		{FF5140B6-8EA2-4B51-9A82-4EBE62253D1C}.Release|Any CPU.Build.0 = Release|Any CPU
		{6934E55C-FF9B-4FEA-B679-9CB7DFE89F43}.Debug|Any CPU.ActiveCfg = Debug|Any CPU
		{6934E55C-FF9B-4FEA-B679-9CB7DFE89F43}.Debug|Any CPU.Build.0 = Debug|Any CPU
		{6934E55C-FF9B-4FEA-B679-9CB7DFE89F43}.Release|Any CPU.ActiveCfg = Release|Any CPU
		{6934E55C-FF9B-4FEA-B679-9CB7DFE89F43}.Release|Any CPU.Build.0 = Release|Any CPU
		{6DA79B88-E17E-45CB-9578-F21D74D7F438}.Debug|Any CPU.ActiveCfg = Debug|Any CPU
		{6DA79B88-E17E-45CB-9578-F21D74D7F438}.Debug|Any CPU.Build.0 = Debug|Any CPU
		{6DA79B88-E17E-45CB-9578-F21D74D7F438}.Release|Any CPU.ActiveCfg = Release|Any CPU
		{6DA79B88-E17E-45CB-9578-F21D74D7F438}.Release|Any CPU.Build.0 = Release|Any CPU
		{4FD8602E-C883-4734-BC08-B8FB5F55D5E9}.Debug|Any CPU.ActiveCfg = Debug|Any CPU
		{4FD8602E-C883-4734-BC08-B8FB5F55D5E9}.Debug|Any CPU.Build.0 = Debug|Any CPU
		{4FD8602E-C883-4734-BC08-B8FB5F55D5E9}.Release|Any CPU.ActiveCfg = Release|Any CPU
		{4FD8602E-C883-4734-BC08-B8FB5F55D5E9}.Release|Any CPU.Build.0 = Release|Any CPU
	EndGlobalSection
	GlobalSection(SolutionProperties) = preSolution
		HideSolutionNode = FALSE
	EndGlobalSection
	GlobalSection(ExtensibilityGlobals) = postSolution
		SolutionGuid = {30284301-7354-4487-AFD4-DCB9D7E20F0E}
	EndGlobalSection
EndGlobal
