
Microsoft Visual Studio Solution File, Format Version 12.00
# Visual Studio Version 16
VisualStudioVersion = 16.0.30717.126
MinimumVisualStudioVersion = 10.0.40219.1
Project("{FAE04EC0-301F-11D3-BF4B-00C04F79EFBC}") = "Advent of Code 2020 - Common", "Common\Advent of Code 2020 - Common.csproj", "{EB34C84A-A6A8-4FB0-AF8C-400F7BDA2BE6}"
EndProject
Project("{9A19103F-16F7-4668-BE54-9A1E7A4F7556}") = "Advent of Code 2020 - Day 01", "Day_01\Advent of Code 2020 - Day 01.csproj", "{6934E55C-FF9B-4FEA-B679-9CB7DFE89F43}"
EndProject
Project("{9A19103F-16F7-4668-BE54-9A1E7A4F7556}") = "Advent of Code 2020 - Day 02", "Day_02\Advent of Code 2020 - Day 02.csproj", "{6DA79B88-E17E-45CB-9578-F21D74D7F438}"
EndProject
Project("{9A19103F-16F7-4668-BE54-9A1E7A4F7556}") = "Advent of Code 2020 - Day 03", "Day_03\Advent of Code 2020 - Day 03.csproj", "{4FD8602E-C883-4734-BC08-B8FB5F55D5E9}"
EndProject
Project("{9A19103F-16F7-4668-BE54-9A1E7A4F7556}") = "Advent of Code 2020 - Day 04", "Day_04\Advent of Code 2020 - Day 04.csproj", "{8E37F9E9-230C-4EB5-B3A9-E71FDA8CDDF2}"
EndProject
Project("{9A19103F-16F7-4668-BE54-9A1E7A4F7556}") = "Advent of Code 2020 - Day 05", "Day_05\Advent of Code 2020 - Day 05.csproj", "{69F34BE7-304A-4608-9B82-1503548CD35A}"
EndProject
Project("{9A19103F-16F7-4668-BE54-9A1E7A4F7556}") = "Advent of Code 2020 - Day 06", "Day_06\Advent of Code 2020 - Day 06.csproj", "{8330E31D-CA8E-4DD2-98CB-CC1DB51FE4D2}"
EndProject
Project("{9A19103F-16F7-4668-BE54-9A1E7A4F7556}") = "Advent of Code 2020 - Day 07", "Day_07\Advent of Code 2020 - Day 07.csproj", "{6DB3F1B6-38EB-4448-BD77-1F72DCDEDC28}"
EndProject
Project("{9A19103F-16F7-4668-BE54-9A1E7A4F7556}") = "Advent of Code 2020 - Day 08", "Day_08\Advent of Code 2020 - Day 08.csproj", "{82E0A422-9892-46F5-BB87-A1F5D3BEB8C7}"
EndProject
Project("{9A19103F-16F7-4668-BE54-9A1E7A4F7556}") = "Advent of Code 2020 - Day 09", "Day_09\Advent of Code 2020 - Day 09.csproj", "{DBAB25DA-3182-46BA-B77A-3F7FD50B8E75}"
EndProject
Project("{9A19103F-16F7-4668-BE54-9A1E7A4F7556}") = "Advent of Code 2020 - Day 10", "Day_10\Advent of Code 2020 - Day 10.csproj", "{397E468F-4262-446F-8664-AD4AFEE75B8D}"
EndProject
Project("{9A19103F-16F7-4668-BE54-9A1E7A4F7556}") = "Advent of Code 2020 - Day 11", "Day_11\Advent of Code 2020 - Day 11.csproj", "{407458B1-4537-47DA-B21B-D320220E89A0}"
EndProject
Project("{9A19103F-16F7-4668-BE54-9A1E7A4F7556}") = "Advent of Code 2020 - Day 12", "Day_12\Advent of Code 2020 - Day 12.csproj", "{C70005C9-94C2-4514-B76C-ECF1270D0362}"
EndProject
Project("{9A19103F-16F7-4668-BE54-9A1E7A4F7556}") = "Advent of Code 2020 - Day 13", "Day_13\Advent of Code 2020 - Day 13.csproj", "{26ED6FB8-F5D1-454E-8E69-9AAAEF120C97}"
EndProject
Project("{9A19103F-16F7-4668-BE54-9A1E7A4F7556}") = "Advent of Code 2020 - Day 14", "Day_14\Advent of Code 2020 - Day 14.csproj", "{EFEC18CE-5FFC-4DFB-8A10-55026B6825F0}"
EndProject
Project("{9A19103F-16F7-4668-BE54-9A1E7A4F7556}") = "Advent of Code 2020 - Day 15", "Day_15\Advent of Code 2020 - Day 15.csproj", "{C5224D9F-2DD9-4FA3-BC74-909A51BE5BBA}"
EndProject
Project("{9A19103F-16F7-4668-BE54-9A1E7A4F7556}") = "Advent of Code 2020 - Day 16", "Day_16\Advent of Code 2020 - Day 16.csproj", "{F551ADB3-5D4E-4E59-B6E8-34779CB2E7C0}"
EndProject
Project("{9A19103F-16F7-4668-BE54-9A1E7A4F7556}") = "Advent of Code 2020 - Day 17", "Day_17\Advent of Code 2020 - Day 17.csproj", "{94DB5032-40AD-414C-ACFB-40A7EFA9C030}"
EndProject
Project("{9A19103F-16F7-4668-BE54-9A1E7A4F7556}") = "Advent of Code 2020 - Day 18", "Day_18\Advent of Code 2020 - Day 18.csproj", "{FD4867D7-F09B-44E4-A21A-DF04E66A2641}"
EndProject
Project("{9A19103F-16F7-4668-BE54-9A1E7A4F7556}") = "Advent of Code 2020 - Day 19", "Day_19\Advent of Code 2020 - Day 19.csproj", "{B046AA5A-8A33-48F0-A708-942EED3D6650}"
EndProject
Project("{9A19103F-16F7-4668-BE54-9A1E7A4F7556}") = "Advent of Code 2020 - Day 20", "Day_20\Advent of Code 2020 - Day 20.csproj", "{19D5E03E-4965-4FF2-AFCD-DE18A79EBAC6}"
EndProject
Project("{9A19103F-16F7-4668-BE54-9A1E7A4F7556}") = "Advent of Code 2020 - Day 21", "Day_21\Advent of Code 2020 - Day 21.csproj", "{D12CE223-F36A-4C4A-B610-9A6D66340455}"
EndProject
Project("{9A19103F-16F7-4668-BE54-9A1E7A4F7556}") = "Advent of Code 2020 - Day 22", "Day_22\Advent of Code 2020 - Day 22.csproj", "{997EE379-71F2-4A00-8A79-8D7560E25718}"
EndProject
Project("{9A19103F-16F7-4668-BE54-9A1E7A4F7556}") = "Advent of Code 2020 - Day 23", "Day_23\Advent of Code 2020 - Day 23.csproj", "{9F6BA27A-F385-4675-86C9-B1DFAB970E45}"
EndProject
Project("{9A19103F-16F7-4668-BE54-9A1E7A4F7556}") = "Advent of Code 2020 - Day 24", "Day_24\Advent of Code 2020 - Day 24.csproj", "{32DBCD0D-BBD5-4BF7-AB7E-5C2DD2888E5F}"
EndProject
Project("{9A19103F-16F7-4668-BE54-9A1E7A4F7556}") = "Advent of Code 2020 - Day 25", "Day_25\Advent of Code 2020 - Day 25.csproj", "{C56F210B-4AAB-45F4-9806-48E92DE1D04D}"
EndProject
Project("{2150E333-8FDC-42A3-9474-1A3956D46DE8}") = "Settings", "Settings", "{A1F28DBE-A722-4AC1-80FB-E37B7CFD53C6}"
	ProjectSection(SolutionItems) = preProject
		Settings\appsettings.json = Settings\appsettings.json
	EndProjectSection
EndProject
Global
	GlobalSection(SolutionConfigurationPlatforms) = preSolution
		Debug|Any CPU = Debug|Any CPU
		Release|Any CPU = Release|Any CPU
	EndGlobalSection
	GlobalSection(ProjectConfigurationPlatforms) = postSolution
		{EB34C84A-A6A8-4FB0-AF8C-400F7BDA2BE6}.Debug|Any CPU.ActiveCfg = Debug|Any CPU
		{EB34C84A-A6A8-4FB0-AF8C-400F7BDA2BE6}.Debug|Any CPU.Build.0 = Debug|Any CPU
		{EB34C84A-A6A8-4FB0-AF8C-400F7BDA2BE6}.Release|Any CPU.ActiveCfg = Release|Any CPU
		{EB34C84A-A6A8-4FB0-AF8C-400F7BDA2BE6}.Release|Any CPU.Build.0 = Release|Any CPU
		{6934E55C-FF9B-4FEA-B679-9CB7DFE89F43}.Debug|Any CPU.ActiveCfg = Debug|Any CPU
		{6934E55C-FF9B-4FEA-B679-9CB7DFE89F43}.Debug|Any CPU.Build.0 = Debug|Any CPU
		{6934E55C-FF9B-4FEA-B679-9CB7DFE89F43}.Release|Any CPU.ActiveCfg = Release|Any CPU
		{6934E55C-FF9B-4FEA-B679-9CB7DFE89F43}.Release|Any CPU.Build.0 = Release|Any CPU
		{6DA79B88-E17E-45CB-9578-F21D74D7F438}.Debug|Any CPU.ActiveCfg = Debug|Any CPU
		{6DA79B88-E17E-45CB-9578-F21D74D7F438}.Debug|Any CPU.Build.0 = Debug|Any CPU
		{6DA79B88-E17E-45CB-9578-F21D74D7F438}.Release|Any CPU.ActiveCfg = Release|Any CPU
		{6DA79B88-E17E-45CB-9578-F21D74D7F438}.Release|Any CPU.Build.0 = Release|Any CPU
		{4FD8602E-C883-4734-BC08-B8FB5F55D5E9}.Debug|Any CPU.ActiveCfg = Debug|Any CPU
		{4FD8602E-C883-4734-BC08-B8FB5F55D5E9}.Debug|Any CPU.Build.0 = Debug|Any CPU
		{4FD8602E-C883-4734-BC08-B8FB5F55D5E9}.Release|Any CPU.ActiveCfg = Release|Any CPU
		{4FD8602E-C883-4734-BC08-B8FB5F55D5E9}.Release|Any CPU.Build.0 = Release|Any CPU
		{8E37F9E9-230C-4EB5-B3A9-E71FDA8CDDF2}.Debug|Any CPU.ActiveCfg = Debug|Any CPU
		{8E37F9E9-230C-4EB5-B3A9-E71FDA8CDDF2}.Debug|Any CPU.Build.0 = Debug|Any CPU
		{8E37F9E9-230C-4EB5-B3A9-E71FDA8CDDF2}.Release|Any CPU.ActiveCfg = Release|Any CPU
		{8E37F9E9-230C-4EB5-B3A9-E71FDA8CDDF2}.Release|Any CPU.Build.0 = Release|Any CPU
		{69F34BE7-304A-4608-9B82-1503548CD35A}.Debug|Any CPU.ActiveCfg = Debug|Any CPU
		{69F34BE7-304A-4608-9B82-1503548CD35A}.Debug|Any CPU.Build.0 = Debug|Any CPU
		{69F34BE7-304A-4608-9B82-1503548CD35A}.Release|Any CPU.ActiveCfg = Release|Any CPU
		{69F34BE7-304A-4608-9B82-1503548CD35A}.Release|Any CPU.Build.0 = Release|Any CPU
		{8330E31D-CA8E-4DD2-98CB-CC1DB51FE4D2}.Debug|Any CPU.ActiveCfg = Debug|Any CPU
		{8330E31D-CA8E-4DD2-98CB-CC1DB51FE4D2}.Debug|Any CPU.Build.0 = Debug|Any CPU
		{8330E31D-CA8E-4DD2-98CB-CC1DB51FE4D2}.Release|Any CPU.ActiveCfg = Release|Any CPU
		{8330E31D-CA8E-4DD2-98CB-CC1DB51FE4D2}.Release|Any CPU.Build.0 = Release|Any CPU
		{6DB3F1B6-38EB-4448-BD77-1F72DCDEDC28}.Debug|Any CPU.ActiveCfg = Debug|Any CPU
		{6DB3F1B6-38EB-4448-BD77-1F72DCDEDC28}.Debug|Any CPU.Build.0 = Debug|Any CPU
		{6DB3F1B6-38EB-4448-BD77-1F72DCDEDC28}.Release|Any CPU.ActiveCfg = Release|Any CPU
		{6DB3F1B6-38EB-4448-BD77-1F72DCDEDC28}.Release|Any CPU.Build.0 = Release|Any CPU
		{82E0A422-9892-46F5-BB87-A1F5D3BEB8C7}.Debug|Any CPU.ActiveCfg = Debug|Any CPU
		{82E0A422-9892-46F5-BB87-A1F5D3BEB8C7}.Debug|Any CPU.Build.0 = Debug|Any CPU
		{82E0A422-9892-46F5-BB87-A1F5D3BEB8C7}.Release|Any CPU.ActiveCfg = Release|Any CPU
		{82E0A422-9892-46F5-BB87-A1F5D3BEB8C7}.Release|Any CPU.Build.0 = Release|Any CPU
		{DBAB25DA-3182-46BA-B77A-3F7FD50B8E75}.Debug|Any CPU.ActiveCfg = Debug|Any CPU
		{DBAB25DA-3182-46BA-B77A-3F7FD50B8E75}.Debug|Any CPU.Build.0 = Debug|Any CPU
		{DBAB25DA-3182-46BA-B77A-3F7FD50B8E75}.Release|Any CPU.ActiveCfg = Release|Any CPU
		{DBAB25DA-3182-46BA-B77A-3F7FD50B8E75}.Release|Any CPU.Build.0 = Release|Any CPU
		{397E468F-4262-446F-8664-AD4AFEE75B8D}.Debug|Any CPU.ActiveCfg = Debug|Any CPU
		{397E468F-4262-446F-8664-AD4AFEE75B8D}.Debug|Any CPU.Build.0 = Debug|Any CPU
		{397E468F-4262-446F-8664-AD4AFEE75B8D}.Release|Any CPU.ActiveCfg = Release|Any CPU
		{397E468F-4262-446F-8664-AD4AFEE75B8D}.Release|Any CPU.Build.0 = Release|Any CPU
		{407458B1-4537-47DA-B21B-D320220E89A0}.Debug|Any CPU.ActiveCfg = Debug|Any CPU
		{407458B1-4537-47DA-B21B-D320220E89A0}.Debug|Any CPU.Build.0 = Debug|Any CPU
		{407458B1-4537-47DA-B21B-D320220E89A0}.Release|Any CPU.ActiveCfg = Release|Any CPU
		{407458B1-4537-47DA-B21B-D320220E89A0}.Release|Any CPU.Build.0 = Release|Any CPU
		{C70005C9-94C2-4514-B76C-ECF1270D0362}.Debug|Any CPU.ActiveCfg = Debug|Any CPU
		{C70005C9-94C2-4514-B76C-ECF1270D0362}.Debug|Any CPU.Build.0 = Debug|Any CPU
		{C70005C9-94C2-4514-B76C-ECF1270D0362}.Release|Any CPU.ActiveCfg = Release|Any CPU
		{C70005C9-94C2-4514-B76C-ECF1270D0362}.Release|Any CPU.Build.0 = Release|Any CPU
		{26ED6FB8-F5D1-454E-8E69-9AAAEF120C97}.Debug|Any CPU.ActiveCfg = Debug|Any CPU
		{26ED6FB8-F5D1-454E-8E69-9AAAEF120C97}.Debug|Any CPU.Build.0 = Debug|Any CPU
		{26ED6FB8-F5D1-454E-8E69-9AAAEF120C97}.Release|Any CPU.ActiveCfg = Release|Any CPU
		{26ED6FB8-F5D1-454E-8E69-9AAAEF120C97}.Release|Any CPU.Build.0 = Release|Any CPU
		{EFEC18CE-5FFC-4DFB-8A10-55026B6825F0}.Debug|Any CPU.ActiveCfg = Debug|Any CPU
		{EFEC18CE-5FFC-4DFB-8A10-55026B6825F0}.Debug|Any CPU.Build.0 = Debug|Any CPU
		{EFEC18CE-5FFC-4DFB-8A10-55026B6825F0}.Release|Any CPU.ActiveCfg = Release|Any CPU
		{EFEC18CE-5FFC-4DFB-8A10-55026B6825F0}.Release|Any CPU.Build.0 = Release|Any CPU
		{C5224D9F-2DD9-4FA3-BC74-909A51BE5BBA}.Debug|Any CPU.ActiveCfg = Debug|Any CPU
		{C5224D9F-2DD9-4FA3-BC74-909A51BE5BBA}.Debug|Any CPU.Build.0 = Debug|Any CPU
		{C5224D9F-2DD9-4FA3-BC74-909A51BE5BBA}.Release|Any CPU.ActiveCfg = Release|Any CPU
		{C5224D9F-2DD9-4FA3-BC74-909A51BE5BBA}.Release|Any CPU.Build.0 = Release|Any CPU
		{F551ADB3-5D4E-4E59-B6E8-34779CB2E7C0}.Debug|Any CPU.ActiveCfg = Debug|Any CPU
		{F551ADB3-5D4E-4E59-B6E8-34779CB2E7C0}.Debug|Any CPU.Build.0 = Debug|Any CPU
		{F551ADB3-5D4E-4E59-B6E8-34779CB2E7C0}.Release|Any CPU.ActiveCfg = Release|Any CPU
		{F551ADB3-5D4E-4E59-B6E8-34779CB2E7C0}.Release|Any CPU.Build.0 = Release|Any CPU
		{94DB5032-40AD-414C-ACFB-40A7EFA9C030}.Debug|Any CPU.ActiveCfg = Debug|Any CPU
		{94DB5032-40AD-414C-ACFB-40A7EFA9C030}.Debug|Any CPU.Build.0 = Debug|Any CPU
		{94DB5032-40AD-414C-ACFB-40A7EFA9C030}.Release|Any CPU.ActiveCfg = Release|Any CPU
		{94DB5032-40AD-414C-ACFB-40A7EFA9C030}.Release|Any CPU.Build.0 = Release|Any CPU
		{FD4867D7-F09B-44E4-A21A-DF04E66A2641}.Debug|Any CPU.ActiveCfg = Debug|Any CPU
		{FD4867D7-F09B-44E4-A21A-DF04E66A2641}.Debug|Any CPU.Build.0 = Debug|Any CPU
		{FD4867D7-F09B-44E4-A21A-DF04E66A2641}.Release|Any CPU.ActiveCfg = Release|Any CPU
		{FD4867D7-F09B-44E4-A21A-DF04E66A2641}.Release|Any CPU.Build.0 = Release|Any CPU
		{B046AA5A-8A33-48F0-A708-942EED3D6650}.Debug|Any CPU.ActiveCfg = Debug|Any CPU
		{B046AA5A-8A33-48F0-A708-942EED3D6650}.Debug|Any CPU.Build.0 = Debug|Any CPU
		{B046AA5A-8A33-48F0-A708-942EED3D6650}.Release|Any CPU.ActiveCfg = Release|Any CPU
		{B046AA5A-8A33-48F0-A708-942EED3D6650}.Release|Any CPU.Build.0 = Release|Any CPU
		{19D5E03E-4965-4FF2-AFCD-DE18A79EBAC6}.Debug|Any CPU.ActiveCfg = Debug|Any CPU
		{19D5E03E-4965-4FF2-AFCD-DE18A79EBAC6}.Debug|Any CPU.Build.0 = Debug|Any CPU
		{19D5E03E-4965-4FF2-AFCD-DE18A79EBAC6}.Release|Any CPU.ActiveCfg = Release|Any CPU
		{19D5E03E-4965-4FF2-AFCD-DE18A79EBAC6}.Release|Any CPU.Build.0 = Release|Any CPU
		{D12CE223-F36A-4C4A-B610-9A6D66340455}.Debug|Any CPU.ActiveCfg = Debug|Any CPU
		{D12CE223-F36A-4C4A-B610-9A6D66340455}.Debug|Any CPU.Build.0 = Debug|Any CPU
		{D12CE223-F36A-4C4A-B610-9A6D66340455}.Release|Any CPU.ActiveCfg = Release|Any CPU
		{D12CE223-F36A-4C4A-B610-9A6D66340455}.Release|Any CPU.Build.0 = Release|Any CPU
		{997EE379-71F2-4A00-8A79-8D7560E25718}.Debug|Any CPU.ActiveCfg = Debug|Any CPU
		{997EE379-71F2-4A00-8A79-8D7560E25718}.Debug|Any CPU.Build.0 = Debug|Any CPU
		{997EE379-71F2-4A00-8A79-8D7560E25718}.Release|Any CPU.ActiveCfg = Release|Any CPU
		{997EE379-71F2-4A00-8A79-8D7560E25718}.Release|Any CPU.Build.0 = Release|Any CPU
		{9F6BA27A-F385-4675-86C9-B1DFAB970E45}.Debug|Any CPU.ActiveCfg = Debug|Any CPU
		{9F6BA27A-F385-4675-86C9-B1DFAB970E45}.Debug|Any CPU.Build.0 = Debug|Any CPU
		{9F6BA27A-F385-4675-86C9-B1DFAB970E45}.Release|Any CPU.ActiveCfg = Release|Any CPU
		{9F6BA27A-F385-4675-86C9-B1DFAB970E45}.Release|Any CPU.Build.0 = Release|Any CPU
		{32DBCD0D-BBD5-4BF7-AB7E-5C2DD2888E5F}.Debug|Any CPU.ActiveCfg = Debug|Any CPU
		{32DBCD0D-BBD5-4BF7-AB7E-5C2DD2888E5F}.Debug|Any CPU.Build.0 = Debug|Any CPU
		{32DBCD0D-BBD5-4BF7-AB7E-5C2DD2888E5F}.Release|Any CPU.ActiveCfg = Release|Any CPU
		{32DBCD0D-BBD5-4BF7-AB7E-5C2DD2888E5F}.Release|Any CPU.Build.0 = Release|Any CPU
		{C56F210B-4AAB-45F4-9806-48E92DE1D04D}.Debug|Any CPU.ActiveCfg = Debug|Any CPU
		{C56F210B-4AAB-45F4-9806-48E92DE1D04D}.Debug|Any CPU.Build.0 = Debug|Any CPU
		{C56F210B-4AAB-45F4-9806-48E92DE1D04D}.Release|Any CPU.ActiveCfg = Release|Any CPU
		{C56F210B-4AAB-45F4-9806-48E92DE1D04D}.Release|Any CPU.Build.0 = Release|Any CPU
	EndGlobalSection
	GlobalSection(SolutionProperties) = preSolution
		HideSolutionNode = FALSE
	EndGlobalSection
	GlobalSection(ExtensibilityGlobals) = postSolution
		SolutionGuid = {30284301-7354-4487-AFD4-DCB9D7E20F0E}
	EndGlobalSection
EndGlobal
